[ "elixir-random": {:git, "git://github.com/mururu/elixir-random.git", "e6442fa2273eed85b3f56e5f1628544295ed8913", []},
  "ex_doc": {:git, "git://github.com/elixir-lang/ex_doc.git", "4ea86fb6d1f282c8d6b0ba7eef9e8d41031e98c4", []},
  "json": {:git, "git://github.com/cblage/elixir-json.git", "3573eb996c893d384a58ad47e83f48a82fa9d990", [{:tag, "v0.2.3"}]},
  "random": {:git, "git://github.com/mururu/elixir-random.git", "e6442fa2273eed85b3f56e5f1628544295ed8913", []} ]
